<?xml version="1.0" encoding="utf-8"?>
<Project ToolsVersion="4.0" xmlns="http://schemas.microsoft.com/developer/msbuild/2003">
  <ItemGroup>
    <Filter Include="win32">
      <UniqueIdentifier>{84a8ebd7-7cf0-47f6-b75e-d441df67da40}</UniqueIdentifier>
    </Filter>
    <Filter Include="Classes">
      <UniqueIdentifier>{bb6c862e-70e9-49d9-81b7-3829a6f50471}</UniqueIdentifier>
    </Filter>
    <Filter Include="Classes\Engine">
      <UniqueIdentifier>{303c23e7-8088-4e6a-8354-a0b9cf1acff0}</UniqueIdentifier>
    </Filter>
    <Filter Include="Classes\Engine\GameObjects">
      <UniqueIdentifier>{f63bbc52-6a05-4905-b29e-0b1f3d28506c}</UniqueIdentifier>
    </Filter>
  </ItemGroup>
  <ItemGroup>
    <ClCompile Include="main.cpp">
      <Filter>win32</Filter>
    </ClCompile>
    <ClCompile Include="..\Classes\AppDelegate.cpp">
      <Filter>Classes\Engine</Filter>
    </ClCompile>
    <ClCompile Include="..\Classes\GameScreen.cpp">
      <Filter>Classes\Engine</Filter>
    </ClCompile>
    <ClCompile Include="..\Classes\HUD.cpp">
      <Filter>Classes\Engine</Filter>
    </ClCompile>
    <ClCompile Include="..\Classes\InputLayer.cpp">
      <Filter>Classes\Engine</Filter>
    </ClCompile>
    <ClCompile Include="..\Classes\inventory.cpp">
      <Filter>Classes\Engine</Filter>
    </ClCompile>
    <ClCompile Include="..\Classes\pugixml.cpp">
      <Filter>Classes\Engine</Filter>
    </ClCompile>
    <ClCompile Include="..\Classes\utils.cpp">
      <Filter>Classes\Engine</Filter>
    </ClCompile>
<<<<<<< Updated upstream
    <ClCompile Include="..\Classes\GameObject.cpp">
      <Filter>Classes\Engine\GameObjects</Filter>
    </ClCompile>
    <ClCompile Include="..\Classes\GameObjectLoader.cpp">
      <Filter>Classes\Engine\GameObjects</Filter>
    </ClCompile>
    <ClCompile Include="..\Classes\ObjectState.cpp">
      <Filter>Classes\Engine\GameObjects</Filter>
    </ClCompile>
    <ClCompile Include="..\Classes\ObjectStrategy.cpp">
      <Filter>Classes\Engine\GameObjects</Filter>
    </ClCompile>
    <ClCompile Include="..\Classes\ObjectFactory.cpp">
      <Filter>Classes\Engine\GameObjects</Filter>
=======
    <ClCompile Include="..\Classes\GameMenu.cpp">
      <Filter>Classes\Engine</Filter>
>>>>>>> Stashed changes
    </ClCompile>
  </ItemGroup>
  <ItemGroup>
    <ClInclude Include="main.h">
      <Filter>win32</Filter>
    </ClInclude>
    <ClInclude Include="..\Classes\AppDelegate.h">
      <Filter>Classes\Engine</Filter>
    </ClInclude>
    <ClInclude Include="..\Classes\GameScreen.h">
      <Filter>Classes\Engine</Filter>
    </ClInclude>
    <ClInclude Include="..\Classes\HUD.h">
      <Filter>Classes\Engine</Filter>
    </ClInclude>
    <ClInclude Include="..\Classes\InputLayer.h">
      <Filter>Classes\Engine</Filter>
    </ClInclude>
    <ClInclude Include="..\Classes\inventory.h">
      <Filter>Classes\Engine</Filter>
    </ClInclude>
    <ClInclude Include="..\Classes\Log.h">
      <Filter>Classes\Engine</Filter>
    </ClInclude>
    <ClInclude Include="..\Classes\pugiconfig.hpp">
      <Filter>Classes\Engine</Filter>
    </ClInclude>
    <ClInclude Include="..\Classes\pugixml.hpp">
      <Filter>Classes\Engine</Filter>
    </ClInclude>
    <ClInclude Include="..\Classes\utils.h">
      <Filter>Classes\Engine</Filter>
    </ClInclude>
<<<<<<< Updated upstream
    <ClInclude Include="..\Classes\GameObject.h">
      <Filter>Classes\Engine\GameObjects</Filter>
    </ClInclude>
    <ClInclude Include="..\Classes\GameObjectLoader.h">
      <Filter>Classes\Engine\GameObjects</Filter>
    </ClInclude>
    <ClInclude Include="..\Classes\ObjectState.h">
      <Filter>Classes\Engine\GameObjects</Filter>
    </ClInclude>
    <ClInclude Include="..\Classes\ObjectStrategy.h">
      <Filter>Classes\Engine\GameObjects</Filter>
    </ClInclude>
    <ClInclude Include="..\Classes\ObjectFactory.h">
      <Filter>Classes\Engine\GameObjects</Filter>
=======
    <ClInclude Include="..\Classes\GameMenu.h">
      <Filter>Classes\Engine</Filter>
>>>>>>> Stashed changes
    </ClInclude>
  </ItemGroup>
</Project>