<?xml version="1.0" encoding="utf-8"?>
<Project ToolsVersion="4.0" xmlns="http://schemas.microsoft.com/developer/msbuild/2003">
  <ItemGroup>
    <ClCompile Include="..\Classes\GameObject.cpp">
      <Filter>Engine\GameObjects</Filter>
    </ClCompile>
    <ClCompile Include="..\Classes\GameObjectLoader.cpp">
      <Filter>Engine\GameObjects</Filter>
    </ClCompile>
    <ClCompile Include="..\Classes\ObjectFactory.cpp">
      <Filter>Engine\GameObjects</Filter>
    </ClCompile>
    <ClCompile Include="..\Classes\ObjectStrategy.cpp">
      <Filter>Engine\GameObjects</Filter>
    </ClCompile>
    <ClCompile Include="..\Classes\ObjectState.cpp">
      <Filter>Engine\GameObjects</Filter>
    </ClCompile>
    <ClCompile Include="..\Classes\GameScreen.cpp">
      <Filter>Engine\GameScenes</Filter>
    </ClCompile>
    <ClCompile Include="..\Classes\GameScene.cpp">
      <Filter>Engine\GameScenes</Filter>
    </ClCompile>
    <ClCompile Include="..\Classes\GameMenu.cpp">
      <Filter>Engine\GameScenes</Filter>
    </ClCompile>
    <ClCompile Include="..\Classes\AppDelegate.cpp">
      <Filter>Engine</Filter>
    </ClCompile>
    <ClCompile Include="..\Classes\HUD.cpp">
      <Filter>Engine</Filter>
    </ClCompile>
    <ClCompile Include="..\Classes\inventory.cpp">
      <Filter>Engine</Filter>
    </ClCompile>
    <ClCompile Include="..\Classes\Log.cpp">
      <Filter>Engine</Filter>
    </ClCompile>
    <ClCompile Include="main.cpp">
      <Filter>Engine</Filter>
    </ClCompile>
    <ClCompile Include="..\Classes\pugixml.cpp">
      <Filter>Engine</Filter>
    </ClCompile>
    <ClCompile Include="..\Classes\utils.cpp">
      <Filter>Engine</Filter>
    </ClCompile>
    <ClCompile Include="..\Classes\Sample\SampleScene.cpp">
      <Filter>Sample</Filter>
    </ClCompile>
    <ClCompile Include="..\Classes\MessageBox.cpp">
      <Filter>Engine\GameScenes</Filter>
    </ClCompile>
  </ItemGroup>
  <ItemGroup>
    <ClInclude Include="..\Classes\GameObject.h">
      <Filter>Engine\GameObjects</Filter>
    </ClInclude>
    <ClInclude Include="..\Classes\GameObjectLoader.h">
      <Filter>Engine\GameObjects</Filter>
    </ClInclude>
    <ClInclude Include="..\Classes\ObjectStrategy.h">
      <Filter>Engine\GameObjects</Filter>
    </ClInclude>
    <ClInclude Include="..\Classes\ObjectState.h">
      <Filter>Engine\GameObjects</Filter>
    </ClInclude>
    <ClInclude Include="..\Classes\ObjectFactory.h">
      <Filter>Engine\GameScenes</Filter>
    </ClInclude>
    <ClInclude Include="..\Classes\GameScreen.h">
      <Filter>Engine\GameScenes</Filter>
    </ClInclude>
    <ClInclude Include="..\Classes\GameScene.h">
      <Filter>Engine\GameScenes</Filter>
    </ClInclude>
    <ClInclude Include="..\Classes\GameMenu.h">
      <Filter>Engine\GameScenes</Filter>
    </ClInclude>
    <ClInclude Include="..\Classes\AppDelegate.h">
      <Filter>Engine</Filter>
    </ClInclude>
    <ClInclude Include="..\Classes\HUD.h">
      <Filter>Engine</Filter>
    </ClInclude>
    <ClInclude Include="..\Classes\inventory.h">
      <Filter>Engine</Filter>
    </ClInclude>
    <ClInclude Include="..\Classes\Log.h">
      <Filter>Engine</Filter>
    </ClInclude>
    <ClInclude Include="main.h">
      <Filter>Engine</Filter>
    </ClInclude>
    <ClInclude Include="..\Classes\pugiconfig.hpp">
      <Filter>Engine</Filter>
    </ClInclude>
    <ClInclude Include="..\Classes\pugixml.hpp">
      <Filter>Engine</Filter>
    </ClInclude>
    <ClInclude Include="..\Classes\utils.h">
      <Filter>Engine</Filter>
    </ClInclude>
    <ClInclude Include="..\Classes\Sample\SampleScene.h">
      <Filter>Sample</Filter>
    </ClInclude>
    <ClInclude Include="..\Classes\MessageBox.h">
      <Filter>Engine\GameScenes</Filter>
    </ClInclude>
  </ItemGroup>
  <ItemGroup>
    <Filter Include="Engine">
      <UniqueIdentifier>{a219fa1d-a946-4c03-8518-4b46c8a51164}</UniqueIdentifier>
    </Filter>
    <Filter Include="Engine\GameObjects">
      <UniqueIdentifier>{ab375763-b7cc-4abe-8c64-da943ffb4cb7}</UniqueIdentifier>
    </Filter>
    <Filter Include="Engine\GameScenes">
      <UniqueIdentifier>{821500cf-22f9-47d5-8cac-8613ff022aa3}</UniqueIdentifier>
    </Filter>
    <Filter Include="Sample">
      <UniqueIdentifier>{52e2490f-ba92-42cd-9c2e-8a96ff9fdc97}</UniqueIdentifier>
    </Filter>
  </ItemGroup>
</Project>